{
  "originHash" : "9d5cb97bfa7202ca5faf3a84e506e5bfc0d3d2cd6b9f0af6bf0f629d7c67a7a2",
  "pins" : [
    {
      "identity" : "gxcorebl",
      "kind" : "remoteSourceControl",
      "location" : "https://github.com/GeneXus-SwiftPackages/GXCoreBL.git",
      "state" : {
        "revision" : "ae8f99e1fec22e0a9bf33e2645dfe94458ebfb64",
        "version" : "2.2.0-rc.3"
      }
    },
    {
      "identity" : "gxcoremodule_sd_notifications",
      "kind" : "remoteSourceControl",
      "location" : "https://github.com/GeneXus-SwiftPackages/GXCoreModule_SD_Notifications.git",
      "state" : {
        "revision" : "ad40447f305ebadc23887379a7e69a16ee1195e5",
        "version" : "2.2.0-rc.3"
      }
    },
    {
      "identity" : "gxcoreui",
      "kind" : "remoteSourceControl",
      "location" : "https://github.com/GeneXus-SwiftPackages/GXCoreUI.git",
      "state" : {
        "revision" : "46e52d23d5c6e385e03ecf83cbb98ed8b3c5d4d1",
        "version" : "2.2.0-rc.3"
      }
    },
    {
      "identity" : "gxdatalayer",
      "kind" : "remoteSourceControl",
      "location" : "https://github.com/GeneXus-SwiftPackages/GXDataLayer.git",
      "state" : {
        "revision" : "5ac5729ccf27c77b7cc841ffeb2f25b9af40fc94",
        "version" : "2.2.0-rc.3"
      }
    },
    {
      "identity" : "gxfoundation",
      "kind" : "remoteSourceControl",
      "location" : "https://github.com/GeneXus-SwiftPackages/GXFoundation.git",
      "state" : {
        "revision" : "24c283b8395e0f709a525bb497eb50f071d7345f",
        "version" : "2.2.0-rc.3"
      }
    },
    {
      "identity" : "gxobjectsmodel",
      "kind" : "remoteSourceControl",
      "location" : "https://github.com/GeneXus-SwiftPackages/GXObjectsModel.git",
      "state" : {
        "revision" : "7f04c7d9eb4c271b7b44c1bf5ba54eeeb7028877",
        "version" : "2.2.0-rc.3"
      }
    },
    {
      "identity" : "gxstandardclasses",
      "kind" : "remoteSourceControl",
      "location" : "https://github.com/GeneXus-SwiftPackages/GXStandardClasses.git",
      "state" : {
        "revision" : "33d003fb0580855e8647e4c3dc48881499fa29cf",
        "version" : "2.2.0-rc.3"
      }
    },
    {
      "identity" : "onesignal-xcframework",
      "kind" : "remoteSourceControl",
      "location" : "https://github.com/OneSignal/OneSignal-XCFramework",
      "state" : {
        "revision" : "3bc37b379581442be7d6337d01f5c7e5d6a4cdde",
        "version" : "5.2.9"
      }
    },
    {
      "identity" : "yajl",
      "kind" : "remoteSourceControl",
      "location" : "https://github.com/GeneXus-SwiftPackages/YAJL.git",
      "state" : {
        "revision" : "4fdeca0f2a41bd8b8d25807fe1591fc0f834e56e",
        "version" : "2.2.0-rc.3"
      }
    }
  ],
  "version" : 3
}
